
Microsoft Visual Studio Solution File, Format Version 12.00
# Visual Studio 15
VisualStudioVersion = 15.0.27428.2015
MinimumVisualStudioVersion = 10.0.40219.1
Project("{8BC9CEB8-8B4A-11D0-8D11-00A0C91BC942}") = "test", "test\test.vcxproj", "{DC4EFF2D-746C-4EA4-BBC7-2F1DC22B1B20}"
EndProject
Global
	GlobalSection(SolutionConfigurationPlatforms) = preSolution
		Debug|x64 = Debug|x64
		Debug|x86 = Debug|x86
		Release|x64 = Release|x64
		Release|x86 = Release|x86
	EndGlobalSection
	GlobalSection(ProjectConfigurationPlatforms) = postSolution
		{DC4EFF2D-746C-4EA4-BBC7-2F1DC22B1B20}.Debug|x64.ActiveCfg = Debug|x64
		{DC4EFF2D-746C-4EA4-BBC7-2F1DC22B1B20}.Debug|x64.Build.0 = Debug|x64
		{DC4EFF2D-746C-4EA4-BBC7-2F1DC22B1B20}.Debug|x86.ActiveCfg = Debug|Win32
		{DC4EFF2D-746C-4EA4-BBC7-2F1DC22B1B20}.Debug|x86.Build.0 = Debug|Win32
		{DC4EFF2D-746C-4EA4-BBC7-2F1DC22B1B20}.Release|x64.ActiveCfg = Release|x64
		{DC4EFF2D-746C-4EA4-BBC7-2F1DC22B1B20}.Release|x64.Build.0 = Release|x64
		{DC4EFF2D-746C-4EA4-BBC7-2F1DC22B1B20}.Release|x86.ActiveCfg = Release|Win32
		{DC4EFF2D-746C-4EA4-BBC7-2F1DC22B1B20}.Release|x86.Build.0 = Release|Win32
	EndGlobalSection
	GlobalSection(SolutionProperties) = preSolution
		HideSolutionNode = FALSE
	EndGlobalSection
	GlobalSection(ExtensibilityGlobals) = postSolution
		SolutionGuid = {99B9EDC4-FA3F-4F28-950E-544D83BA24B5}
	EndGlobalSection
EndGlobal
